
Microsoft Visual Studio Solution File, Format Version 12.00
# Visual Studio Version 16
VisualStudioVersion = 16.0.31424.327
MinimumVisualStudioVersion = 10.0.40219.1
Project("{FAE04EC0-301F-11D3-BF4B-00C04F79EFBC}") = "BindingCrashCourse", "BindingCrashCourse\BindingCrashCourse.csproj", "{E68AF172-19B5-4691-8E0D-01C7C4675E59}"
EndProject
Global
	GlobalSection(SolutionConfigurationPlatforms) = preSolution
		Debug|Any CPU = Debug|Any CPU
		Release|Any CPU = Release|Any CPU
	EndGlobalSection
	GlobalSection(ProjectConfigurationPlatforms) = postSolution
		{E68AF172-19B5-4691-8E0D-01C7C4675E59}.Debug|Any CPU.ActiveCfg = Debug|Any CPU
		{E68AF172-19B5-4691-8E0D-01C7C4675E59}.Debug|Any CPU.Build.0 = Debug|Any CPU
		{E68AF172-19B5-4691-8E0D-01C7C4675E59}.Release|Any CPU.ActiveCfg = Release|Any CPU
		{E68AF172-19B5-4691-8E0D-01C7C4675E59}.Release|Any CPU.Build.0 = Release|Any CPU
	EndGlobalSection
	GlobalSection(SolutionProperties) = preSolution
		HideSolutionNode = FALSE
	EndGlobalSection
	GlobalSection(ExtensibilityGlobals) = postSolution
		SolutionGuid = {F3161993-CE79-45C2-9BF4-6342FA016614}
	EndGlobalSection
EndGlobal
